// !$*UTF8*$!
{
	archiveVersion = 1;
	classes = {
	};
	objectVersion = 50;
	objects = {

/* Begin PBXBuildFile section */
		8C2515C52403C0BD00BAD4B5 /* Assets.xcassets in Resources */ = {isa = PBXBuildFile; fileRef = 8C2515C42403C0BD00BAD4B5 /* Assets.xcassets */; };
		8C2515C82403C0BD00BAD4B5 /* LaunchScreen.storyboard in Resources */ = {isa = PBXBuildFile; fileRef = 8C2515C62403C0BD00BAD4B5 /* LaunchScreen.storyboard */; };
		8C2515D32403C0BD00BAD4B5 /* AppTests.swift in Sources */ = {isa = PBXBuildFile; fileRef = 8C2515D22403C0BD00BAD4B5 /* AppTests.swift */; };
		8C25180E2403C59F00BAD4B5 /* Assets.framework in Frameworks */ = {isa = PBXBuildFile; fileRef = 8C25180A2403C59F00BAD4B5 /* Assets.framework */; };
		8C25180F2403C59F00BAD4B5 /* Assets.framework in Embed Frameworks */ = {isa = PBXBuildFile; fileRef = 8C25180A2403C59F00BAD4B5 /* Assets.framework */; settings = {ATTRIBUTES = (CodeSignOnCopy, RemoveHeadersOnCopy, ); }; };
		8C2518142403C59F00BAD4B5 /* TogglTrack.framework in Frameworks */ = {isa = PBXBuildFile; fileRef = 8C25180D2403C59F00BAD4B5 /* TogglTrack.framework */; };
		8C2518152403C59F00BAD4B5 /* TogglTrack.framework in Embed Frameworks */ = {isa = PBXBuildFile; fileRef = 8C25180D2403C59F00BAD4B5 /* TogglTrack.framework */; settings = {ATTRIBUTES = (CodeSignOnCopy, RemoveHeadersOnCopy, ); }; };
		8C2518D42403C97100BAD4B5 /* SceneDelegate.swift in Sources */ = {isa = PBXBuildFile; fileRef = 8C2518D22403C97100BAD4B5 /* SceneDelegate.swift */; };
		8C2518D52403C97100BAD4B5 /* AppDelegate.swift in Sources */ = {isa = PBXBuildFile; fileRef = 8C2518D32403C97100BAD4B5 /* AppDelegate.swift */; };
		AA68ECB8DF37A98FDBCB93E1 /* libPods-App.a in Frameworks */ = {isa = PBXBuildFile; fileRef = FC8D392F8B56D8C801EC9584 /* libPods-App.a */; };
/* End PBXBuildFile section */

/* Begin PBXContainerItemProxy section */
		8C2515CF2403C0BD00BAD4B5 /* PBXContainerItemProxy */ = {
			isa = PBXContainerItemProxy;
			containerPortal = 8C2515B02403C0BC00BAD4B5 /* Project object */;
			proxyType = 1;
			remoteGlobalIDString = 8C2515B72403C0BC00BAD4B5;
			remoteInfo = App;
		};
/* End PBXContainerItemProxy section */

/* Begin PBXCopyFilesBuildPhase section */
		8C2518162403C59F00BAD4B5 /* Embed Frameworks */ = {
			isa = PBXCopyFilesBuildPhase;
			buildActionMask = 2147483647;
			dstPath = "";
			dstSubfolderSpec = 10;
			files = (
				8C2518152403C59F00BAD4B5 /* TogglTrack.framework in Embed Frameworks */,
				8C25180F2403C59F00BAD4B5 /* Assets.framework in Embed Frameworks */,
			);
			name = "Embed Frameworks";
			runOnlyForDeploymentPostprocessing = 0;
		};
/* End PBXCopyFilesBuildPhase section */

/* Begin PBXFileReference section */
		13FAAE45C4236D366555C6AD /* Pods-App.debug.xcconfig */ = {isa = PBXFileReference; includeInIndex = 1; lastKnownFileType = text.xcconfig; name = "Pods-App.debug.xcconfig"; path = "Target Support Files/Pods-App/Pods-App.debug.xcconfig"; sourceTree = "<group>"; };
		8C2515B82403C0BC00BAD4B5 /* App.app */ = {isa = PBXFileReference; explicitFileType = wrapper.application; includeInIndex = 0; path = App.app; sourceTree = BUILT_PRODUCTS_DIR; };
		8C2515C42403C0BD00BAD4B5 /* Assets.xcassets */ = {isa = PBXFileReference; lastKnownFileType = folder.assetcatalog; path = Assets.xcassets; sourceTree = "<group>"; };
		8C2515C72403C0BD00BAD4B5 /* Base */ = {isa = PBXFileReference; lastKnownFileType = file.storyboard; name = Base; path = Base.lproj/LaunchScreen.storyboard; sourceTree = "<group>"; };
		8C2515C92403C0BD00BAD4B5 /* Info.plist */ = {isa = PBXFileReference; lastKnownFileType = text.plist.xml; path = Info.plist; sourceTree = "<group>"; };
		8C2515CE2403C0BD00BAD4B5 /* AppTests.xctest */ = {isa = PBXFileReference; explicitFileType = wrapper.cfbundle; includeInIndex = 0; path = AppTests.xctest; sourceTree = BUILT_PRODUCTS_DIR; };
		8C2515D22403C0BD00BAD4B5 /* AppTests.swift */ = {isa = PBXFileReference; lastKnownFileType = sourcecode.swift; path = AppTests.swift; sourceTree = "<group>"; };
		8C2515D42403C0BD00BAD4B5 /* Info.plist */ = {isa = PBXFileReference; lastKnownFileType = text.plist.xml; path = Info.plist; sourceTree = "<group>"; };
		8C25180A2403C59F00BAD4B5 /* Assets.framework */ = {isa = PBXFileReference; explicitFileType = wrapper.framework; path = Assets.framework; sourceTree = BUILT_PRODUCTS_DIR; };
		8C25180B2403C59F00BAD4B5 /* RxCocoaDep.framework */ = {isa = PBXFileReference; explicitFileType = wrapper.framework; path = RxCocoaDep.framework; sourceTree = BUILT_PRODUCTS_DIR; };
		8C25180C2403C59F00BAD4B5 /* RxSwiftDep.framework */ = {isa = PBXFileReference; explicitFileType = wrapper.framework; path = RxSwiftDep.framework; sourceTree = BUILT_PRODUCTS_DIR; };
		8C25180D2403C59F00BAD4B5 /* TogglTrack.framework */ = {isa = PBXFileReference; explicitFileType = wrapper.framework; path = TogglTrack.framework; sourceTree = BUILT_PRODUCTS_DIR; };
		8C2518D22403C97100BAD4B5 /* SceneDelegate.swift */ = {isa = PBXFileReference; fileEncoding = 4; lastKnownFileType = sourcecode.swift; path = SceneDelegate.swift; sourceTree = "<group>"; };
		8C2518D32403C97100BAD4B5 /* AppDelegate.swift */ = {isa = PBXFileReference; fileEncoding = 4; lastKnownFileType = sourcecode.swift; path = AppDelegate.swift; sourceTree = "<group>"; };
		8C2518F22403CA7D00BAD4B5 /* RxDatasourcesDep.framework */ = {isa = PBXFileReference; explicitFileType = wrapper.framework; path = RxDatasourcesDep.framework; sourceTree = BUILT_PRODUCTS_DIR; };
		8C2519672403CE5A00BAD4B5 /* RxSwiftDep.framework */ = {isa = PBXFileReference; explicitFileType = wrapper.framework; path = RxSwiftDep.framework; sourceTree = BUILT_PRODUCTS_DIR; };
		94C5C24F604EAAF62DD4C477 /* Pods-App.release.xcconfig */ = {isa = PBXFileReference; includeInIndex = 1; lastKnownFileType = text.xcconfig; name = "Pods-App.release.xcconfig"; path = "Target Support Files/Pods-App/Pods-App.release.xcconfig"; sourceTree = "<group>"; };
		FC8D392F8B56D8C801EC9584 /* libPods-App.a */ = {isa = PBXFileReference; explicitFileType = archive.ar; includeInIndex = 0; path = "libPods-App.a"; sourceTree = BUILT_PRODUCTS_DIR; };
/* End PBXFileReference section */

/* Begin PBXFrameworksBuildPhase section */
		8C2515B52403C0BC00BAD4B5 /* Frameworks */ = {
			isa = PBXFrameworksBuildPhase;
			buildActionMask = 2147483647;
			files = (
				8C2518142403C59F00BAD4B5 /* TogglTrack.framework in Frameworks */,
				8C25180E2403C59F00BAD4B5 /* Assets.framework in Frameworks */,
				AA68ECB8DF37A98FDBCB93E1 /* libPods-App.a in Frameworks */,
			);
			runOnlyForDeploymentPostprocessing = 0;
		};
		8C2515CB2403C0BD00BAD4B5 /* Frameworks */ = {
			isa = PBXFrameworksBuildPhase;
			buildActionMask = 2147483647;
			files = (
			);
			runOnlyForDeploymentPostprocessing = 0;
		};
/* End PBXFrameworksBuildPhase section */

/* Begin PBXGroup section */
		8C2515AF2403C0BC00BAD4B5 = {
			isa = PBXGroup;
			children = (
				8C2515BA2403C0BC00BAD4B5 /* App */,
				8C2515D12403C0BD00BAD4B5 /* AppTests */,
				8C2515B92403C0BC00BAD4B5 /* Products */,
				8C2518092403C59F00BAD4B5 /* Frameworks */,
				E77F8391F261967A4432A0B9 /* Pods */,
			);
			sourceTree = "<group>";
		};
		8C2515B92403C0BC00BAD4B5 /* Products */ = {
			isa = PBXGroup;
			children = (
				8C2515B82403C0BC00BAD4B5 /* App.app */,
				8C2515CE2403C0BD00BAD4B5 /* AppTests.xctest */,
			);
			name = Products;
			sourceTree = "<group>";
		};
		8C2515BA2403C0BC00BAD4B5 /* App */ = {
			isa = PBXGroup;
			children = (
				8C2518D32403C97100BAD4B5 /* AppDelegate.swift */,
				8C2518D22403C97100BAD4B5 /* SceneDelegate.swift */,
				8C2515C42403C0BD00BAD4B5 /* Assets.xcassets */,
				8C2515C62403C0BD00BAD4B5 /* LaunchScreen.storyboard */,
				8C2515C92403C0BD00BAD4B5 /* Info.plist */,
			);
			path = App;
			sourceTree = "<group>";
		};
		8C2515D12403C0BD00BAD4B5 /* AppTests */ = {
			isa = PBXGroup;
			children = (
				8C2515D22403C0BD00BAD4B5 /* AppTests.swift */,
				8C2515D42403C0BD00BAD4B5 /* Info.plist */,
			);
			path = AppTests;
			sourceTree = "<group>";
		};
		8C2518092403C59F00BAD4B5 /* Frameworks */ = {
			isa = PBXGroup;
			children = (
				8C2519672403CE5A00BAD4B5 /* RxSwiftDep.framework */,
				8C2518F22403CA7D00BAD4B5 /* RxDatasourcesDep.framework */,
				8C25180A2403C59F00BAD4B5 /* Assets.framework */,
				8C25180B2403C59F00BAD4B5 /* RxCocoaDep.framework */,
				8C25180C2403C59F00BAD4B5 /* RxSwiftDep.framework */,
				8C25180D2403C59F00BAD4B5 /* TogglTrack.framework */,
				FC8D392F8B56D8C801EC9584 /* libPods-App.a */,
			);
			name = Frameworks;
			sourceTree = "<group>";
		};
		E77F8391F261967A4432A0B9 /* Pods */ = {
			isa = PBXGroup;
			children = (
				13FAAE45C4236D366555C6AD /* Pods-App.debug.xcconfig */,
				94C5C24F604EAAF62DD4C477 /* Pods-App.release.xcconfig */,
			);
			name = Pods;
			path = ../Pods;
			sourceTree = "<group>";
		};
/* End PBXGroup section */

/* Begin PBXNativeTarget section */
		8C2515B72403C0BC00BAD4B5 /* App */ = {
			isa = PBXNativeTarget;
			buildConfigurationList = 8C2515D72403C0BD00BAD4B5 /* Build configuration list for PBXNativeTarget "App" */;
			buildPhases = (
				8C5A8C93241A1A9B003DC3D0 /* Swiftlint */,
				E90F329F2553038312FC049E /* [CP] Check Pods Manifest.lock */,
				8C2515B42403C0BC00BAD4B5 /* Sources */,
				8C2515B52403C0BC00BAD4B5 /* Frameworks */,
				8C2515B62403C0BC00BAD4B5 /* Resources */,
				8C2518162403C59F00BAD4B5 /* Embed Frameworks */,
			);
			buildRules = (
			);
			dependencies = (
			);
			name = App;
			productName = App;
			productReference = 8C2515B82403C0BC00BAD4B5 /* App.app */;
			productType = "com.apple.product-type.application";
		};
		8C2515CD2403C0BD00BAD4B5 /* AppTests */ = {
			isa = PBXNativeTarget;
			buildConfigurationList = 8C2515DA2403C0BD00BAD4B5 /* Build configuration list for PBXNativeTarget "AppTests" */;
			buildPhases = (
				8C2515CA2403C0BD00BAD4B5 /* Sources */,
				8C2515CB2403C0BD00BAD4B5 /* Frameworks */,
				8C2515CC2403C0BD00BAD4B5 /* Resources */,
			);
			buildRules = (
			);
			dependencies = (
				8C2515D02403C0BD00BAD4B5 /* PBXTargetDependency */,
			);
			name = AppTests;
			productName = AppTests;
			productReference = 8C2515CE2403C0BD00BAD4B5 /* AppTests.xctest */;
			productType = "com.apple.product-type.bundle.unit-test";
		};
/* End PBXNativeTarget section */

/* Begin PBXProject section */
		8C2515B02403C0BC00BAD4B5 /* Project object */ = {
			isa = PBXProject;
			attributes = {
				LastSwiftUpdateCheck = 1130;
				LastUpgradeCheck = 1130;
				ORGANIZATIONNAME = "Ricardo Sánchez Sotres";
				TargetAttributes = {
					8C2515B72403C0BC00BAD4B5 = {
						CreatedOnToolsVersion = 11.3.1;
					};
					8C2515CD2403C0BD00BAD4B5 = {
						CreatedOnToolsVersion = 11.3.1;
						TestTargetID = 8C2515B72403C0BC00BAD4B5;
					};
				};
			};
			buildConfigurationList = 8C2515B32403C0BC00BAD4B5 /* Build configuration list for PBXProject "App" */;
			compatibilityVersion = "Xcode 9.3";
			developmentRegion = en;
			hasScannedForEncodings = 0;
			knownRegions = (
				en,
				Base,
			);
			mainGroup = 8C2515AF2403C0BC00BAD4B5;
			productRefGroup = 8C2515B92403C0BC00BAD4B5 /* Products */;
			projectDirPath = "";
			projectRoot = "";
			targets = (
				8C2515B72403C0BC00BAD4B5 /* App */,
				8C2515CD2403C0BD00BAD4B5 /* AppTests */,
			);
		};
/* End PBXProject section */

/* Begin PBXResourcesBuildPhase section */
		8C2515B62403C0BC00BAD4B5 /* Resources */ = {
			isa = PBXResourcesBuildPhase;
			buildActionMask = 2147483647;
			files = (
				8C2515C82403C0BD00BAD4B5 /* LaunchScreen.storyboard in Resources */,
				8C2515C52403C0BD00BAD4B5 /* Assets.xcassets in Resources */,
			);
			runOnlyForDeploymentPostprocessing = 0;
		};
		8C2515CC2403C0BD00BAD4B5 /* Resources */ = {
			isa = PBXResourcesBuildPhase;
			buildActionMask = 2147483647;
			files = (
			);
			runOnlyForDeploymentPostprocessing = 0;
		};
/* End PBXResourcesBuildPhase section */

/* Begin PBXShellScriptBuildPhase section */
		8C5A8C93241A1A9B003DC3D0 /* Swiftlint */ = {
			isa = PBXShellScriptBuildPhase;
			buildActionMask = 2147483647;
			files = (
			);
			inputFileListPaths = (
			);
			inputPaths = (
			);
			name = Swiftlint;
			outputFileListPaths = (
			);
			outputPaths = (
			);
			runOnlyForDeploymentPostprocessing = 0;
			shellPath = /bin/sh;
			shellScript = "if which swiftlint >/dev/null; then\n  swiftlint lint --path \"$SRCROOT\"/..\nelse\n  echo \"warning: SwiftLint not installed, download from https://github.com/realm/SwiftLint\"\nfi\n";
		};
		E90F329F2553038312FC049E /* [CP] Check Pods Manifest.lock */ = {
			isa = PBXShellScriptBuildPhase;
			buildActionMask = 2147483647;
			files = (
			);
			inputFileListPaths = (
			);
			inputPaths = (
				"${PODS_PODFILE_DIR_PATH}/Podfile.lock",
				"${PODS_ROOT}/Manifest.lock",
			);
			name = "[CP] Check Pods Manifest.lock";
			outputFileListPaths = (
			);
			outputPaths = (
				"$(DERIVED_FILE_DIR)/Pods-App-checkManifestLockResult.txt",
			);
			runOnlyForDeploymentPostprocessing = 0;
			shellPath = /bin/sh;
			shellScript = "diff \"${PODS_PODFILE_DIR_PATH}/Podfile.lock\" \"${PODS_ROOT}/Manifest.lock\" > /dev/null\nif [ $? != 0 ] ; then\n    # print error to STDERR\n    echo \"error: The sandbox is not in sync with the Podfile.lock. Run 'pod install' or update your CocoaPods installation.\" >&2\n    exit 1\nfi\n# This output is used by Xcode 'outputs' to avoid re-running this script phase.\necho \"SUCCESS\" > \"${SCRIPT_OUTPUT_FILE_0}\"\n";
			showEnvVarsInLog = 0;
		};
/* End PBXShellScriptBuildPhase section */

/* Begin PBXSourcesBuildPhase section */
		8C2515B42403C0BC00BAD4B5 /* Sources */ = {
			isa = PBXSourcesBuildPhase;
			buildActionMask = 2147483647;
			files = (
				8C2518D52403C97100BAD4B5 /* AppDelegate.swift in Sources */,
				8C2518D42403C97100BAD4B5 /* SceneDelegate.swift in Sources */,
			);
			runOnlyForDeploymentPostprocessing = 0;
		};
		8C2515CA2403C0BD00BAD4B5 /* Sources */ = {
			isa = PBXSourcesBuildPhase;
			buildActionMask = 2147483647;
			files = (
				8C2515D32403C0BD00BAD4B5 /* AppTests.swift in Sources */,
			);
			runOnlyForDeploymentPostprocessing = 0;
		};
/* End PBXSourcesBuildPhase section */

/* Begin PBXTargetDependency section */
		8C2515D02403C0BD00BAD4B5 /* PBXTargetDependency */ = {
			isa = PBXTargetDependency;
			target = 8C2515B72403C0BC00BAD4B5 /* App */;
			targetProxy = 8C2515CF2403C0BD00BAD4B5 /* PBXContainerItemProxy */;
		};
/* End PBXTargetDependency section */

/* Begin PBXVariantGroup section */
		8C2515C62403C0BD00BAD4B5 /* LaunchScreen.storyboard */ = {
			isa = PBXVariantGroup;
			children = (
				8C2515C72403C0BD00BAD4B5 /* Base */,
			);
			name = LaunchScreen.storyboard;
			sourceTree = "<group>";
		};
/* End PBXVariantGroup section */

/* Begin XCBuildConfiguration section */
		8C2515D52403C0BD00BAD4B5 /* Debug */ = {
			isa = XCBuildConfiguration;
			buildSettings = {
				ALWAYS_SEARCH_USER_PATHS = NO;
				CLANG_ANALYZER_NONNULL = YES;
				CLANG_ANALYZER_NUMBER_OBJECT_CONVERSION = YES_AGGRESSIVE;
				CLANG_CXX_LANGUAGE_STANDARD = "gnu++14";
				CLANG_CXX_LIBRARY = "libc++";
				CLANG_ENABLE_MODULES = YES;
				CLANG_ENABLE_OBJC_ARC = YES;
				CLANG_ENABLE_OBJC_WEAK = YES;
				CLANG_WARN_BLOCK_CAPTURE_AUTORELEASING = YES;
				CLANG_WARN_BOOL_CONVERSION = YES;
				CLANG_WARN_COMMA = YES;
				CLANG_WARN_CONSTANT_CONVERSION = YES;
				CLANG_WARN_DEPRECATED_OBJC_IMPLEMENTATIONS = YES;
				CLANG_WARN_DIRECT_OBJC_ISA_USAGE = YES_ERROR;
				CLANG_WARN_DOCUMENTATION_COMMENTS = YES;
				CLANG_WARN_EMPTY_BODY = YES;
				CLANG_WARN_ENUM_CONVERSION = YES;
				CLANG_WARN_INFINITE_RECURSION = YES;
				CLANG_WARN_INT_CONVERSION = YES;
				CLANG_WARN_NON_LITERAL_NULL_CONVERSION = YES;
				CLANG_WARN_OBJC_IMPLICIT_RETAIN_SELF = YES;
				CLANG_WARN_OBJC_LITERAL_CONVERSION = YES;
				CLANG_WARN_OBJC_ROOT_CLASS = YES_ERROR;
				CLANG_WARN_RANGE_LOOP_ANALYSIS = YES;
				CLANG_WARN_STRICT_PROTOTYPES = YES;
				CLANG_WARN_SUSPICIOUS_MOVE = YES;
				CLANG_WARN_UNGUARDED_AVAILABILITY = YES_AGGRESSIVE;
				CLANG_WARN_UNREACHABLE_CODE = YES;
				CLANG_WARN__DUPLICATE_METHOD_MATCH = YES;
				COPY_PHASE_STRIP = NO;
				DEBUG_INFORMATION_FORMAT = dwarf;
				ENABLE_STRICT_OBJC_MSGSEND = YES;
				ENABLE_TESTABILITY = YES;
				GCC_C_LANGUAGE_STANDARD = gnu11;
				GCC_DYNAMIC_NO_PIC = NO;
				GCC_NO_COMMON_BLOCKS = YES;
				GCC_OPTIMIZATION_LEVEL = 0;
				GCC_PREPROCESSOR_DEFINITIONS = (
					"DEBUG=1",
					"$(inherited)",
				);
				GCC_WARN_64_TO_32_BIT_CONVERSION = YES;
				GCC_WARN_ABOUT_RETURN_TYPE = YES_ERROR;
				GCC_WARN_UNDECLARED_SELECTOR = YES;
				GCC_WARN_UNINITIALIZED_AUTOS = YES_AGGRESSIVE;
				GCC_WARN_UNUSED_FUNCTION = YES;
				GCC_WARN_UNUSED_VARIABLE = YES;
				IPHONEOS_DEPLOYMENT_TARGET = 13.2;
				MTL_ENABLE_DEBUG_INFO = INCLUDE_SOURCE;
				MTL_FAST_MATH = YES;
				ONLY_ACTIVE_ARCH = YES;
				SDKROOT = iphoneos;
				SWIFT_ACTIVE_COMPILATION_CONDITIONS = DEBUG;
				SWIFT_OPTIMIZATION_LEVEL = "-Onone";
			};
			name = Debug;
		};
		8C2515D62403C0BD00BAD4B5 /* Release */ = {
			isa = XCBuildConfiguration;
			buildSettings = {
				ALWAYS_SEARCH_USER_PATHS = NO;
				CLANG_ANALYZER_NONNULL = YES;
				CLANG_ANALYZER_NUMBER_OBJECT_CONVERSION = YES_AGGRESSIVE;
				CLANG_CXX_LANGUAGE_STANDARD = "gnu++14";
				CLANG_CXX_LIBRARY = "libc++";
				CLANG_ENABLE_MODULES = YES;
				CLANG_ENABLE_OBJC_ARC = YES;
				CLANG_ENABLE_OBJC_WEAK = YES;
				CLANG_WARN_BLOCK_CAPTURE_AUTORELEASING = YES;
				CLANG_WARN_BOOL_CONVERSION = YES;
				CLANG_WARN_COMMA = YES;
				CLANG_WARN_CONSTANT_CONVERSION = YES;
				CLANG_WARN_DEPRECATED_OBJC_IMPLEMENTATIONS = YES;
				CLANG_WARN_DIRECT_OBJC_ISA_USAGE = YES_ERROR;
				CLANG_WARN_DOCUMENTATION_COMMENTS = YES;
				CLANG_WARN_EMPTY_BODY = YES;
				CLANG_WARN_ENUM_CONVERSION = YES;
				CLANG_WARN_INFINITE_RECURSION = YES;
				CLANG_WARN_INT_CONVERSION = YES;
				CLANG_WARN_NON_LITERAL_NULL_CONVERSION = YES;
				CLANG_WARN_OBJC_IMPLICIT_RETAIN_SELF = YES;
				CLANG_WARN_OBJC_LITERAL_CONVERSION = YES;
				CLANG_WARN_OBJC_ROOT_CLASS = YES_ERROR;
				CLANG_WARN_RANGE_LOOP_ANALYSIS = YES;
				CLANG_WARN_STRICT_PROTOTYPES = YES;
				CLANG_WARN_SUSPICIOUS_MOVE = YES;
				CLANG_WARN_UNGUARDED_AVAILABILITY = YES_AGGRESSIVE;
				CLANG_WARN_UNREACHABLE_CODE = YES;
				CLANG_WARN__DUPLICATE_METHOD_MATCH = YES;
				COPY_PHASE_STRIP = NO;
				DEBUG_INFORMATION_FORMAT = "dwarf-with-dsym";
				ENABLE_NS_ASSERTIONS = NO;
				ENABLE_STRICT_OBJC_MSGSEND = YES;
				GCC_C_LANGUAGE_STANDARD = gnu11;
				GCC_NO_COMMON_BLOCKS = YES;
				GCC_WARN_64_TO_32_BIT_CONVERSION = YES;
				GCC_WARN_ABOUT_RETURN_TYPE = YES_ERROR;
				GCC_WARN_UNDECLARED_SELECTOR = YES;
				GCC_WARN_UNINITIALIZED_AUTOS = YES_AGGRESSIVE;
				GCC_WARN_UNUSED_FUNCTION = YES;
				GCC_WARN_UNUSED_VARIABLE = YES;
				IPHONEOS_DEPLOYMENT_TARGET = 13.2;
				MTL_ENABLE_DEBUG_INFO = NO;
				MTL_FAST_MATH = YES;
				SDKROOT = iphoneos;
				SWIFT_COMPILATION_MODE = wholemodule;
				SWIFT_OPTIMIZATION_LEVEL = "-O";
				VALIDATE_PRODUCT = YES;
			};
			name = Release;
		};
		8C2515D82403C0BD00BAD4B5 /* Debug */ = {
			isa = XCBuildConfiguration;
			baseConfigurationReference = 13FAAE45C4236D366555C6AD /* Pods-App.debug.xcconfig */;
			buildSettings = {
				ASSETCATALOG_COMPILER_APPICON_NAME = AppIcon;
				CODE_SIGN_IDENTITY = "iPhone Distribution";
				CODE_SIGN_STYLE = Manual;
				CURRENT_PROJECT_VERSION = 3;
				DEVELOPMENT_TEAM = B227VTMZ94;
				INFOPLIST_FILE = App/Info.plist;
				IPHONEOS_DEPLOYMENT_TARGET = 11.4;
				LD_RUNPATH_SEARCH_PATHS = (
					"$(inherited)",
					"@executable_path/Frameworks",
				);
				PRODUCT_BUNDLE_IDENTIFIER = com.toggl.aurora;
				PRODUCT_NAME = "$(TARGET_NAME)";
				PROVISIONING_PROFILE_SPECIFIER = "Aurora Distribution";
				SWIFT_VERSION = 5.0;
				TARGETED_DEVICE_FAMILY = "1,2";
			};
			name = Debug;
		};
		8C2515D92403C0BD00BAD4B5 /* Release */ = {
			isa = XCBuildConfiguration;
			baseConfigurationReference = 94C5C24F604EAAF62DD4C477 /* Pods-App.release.xcconfig */;
			buildSettings = {
				ASSETCATALOG_COMPILER_APPICON_NAME = AppIcon;
				CODE_SIGN_IDENTITY = "iPhone Distribution";
				CODE_SIGN_STYLE = Manual;
				CURRENT_PROJECT_VERSION = 3;
				DEVELOPMENT_TEAM = B227VTMZ94;
				INFOPLIST_FILE = App/Info.plist;
				IPHONEOS_DEPLOYMENT_TARGET = 11.4;
				LD_RUNPATH_SEARCH_PATHS = (
					"$(inherited)",
					"@executable_path/Frameworks",
				);
				PRODUCT_BUNDLE_IDENTIFIER = com.toggl.aurora;
				PRODUCT_NAME = "$(TARGET_NAME)";
				PROVISIONING_PROFILE_SPECIFIER = "Aurora Distribution";
				SWIFT_VERSION = 5.0;
				TARGETED_DEVICE_FAMILY = "1,2";
			};
			name = Release;
		};
		8C2515DB2403C0BD00BAD4B5 /* Debug */ = {
			isa = XCBuildConfiguration;
			buildSettings = {
				ALWAYS_EMBED_SWIFT_STANDARD_LIBRARIES = YES;
				BUNDLE_LOADER = "$(TEST_HOST)";
				CODE_SIGN_STYLE = Automatic;
				DEVELOPMENT_TEAM = B227VTMZ94;
				INFOPLIST_FILE = AppTests/Info.plist;
				IPHONEOS_DEPLOYMENT_TARGET = 13.2;
				LD_RUNPATH_SEARCH_PATHS = (
					"$(inherited)",
					"@executable_path/Frameworks",
					"@loader_path/Frameworks",
				);
				PRODUCT_BUNDLE_IDENTIFIER = com.toggl.aurora.AppTests;
				PRODUCT_NAME = "$(TARGET_NAME)";
				SWIFT_VERSION = 5.0;
				TARGETED_DEVICE_FAMILY = "1,2";
				TEST_HOST = "$(BUILT_PRODUCTS_DIR)/App.app/App";
			};
			name = Debug;
		};
		8C2515DC2403C0BD00BAD4B5 /* Release */ = {
			isa = XCBuildConfiguration;
			buildSettings = {
				ALWAYS_EMBED_SWIFT_STANDARD_LIBRARIES = YES;
				BUNDLE_LOADER = "$(TEST_HOST)";
				CODE_SIGN_STYLE = Automatic;
				DEVELOPMENT_TEAM = B227VTMZ94;
				INFOPLIST_FILE = AppTests/Info.plist;
				IPHONEOS_DEPLOYMENT_TARGET = 13.2;
				LD_RUNPATH_SEARCH_PATHS = (
					"$(inherited)",
					"@executable_path/Frameworks",
					"@loader_path/Frameworks",
				);
				PRODUCT_BUNDLE_IDENTIFIER = com.toggl.aurora.AppTests;
				PRODUCT_NAME = "$(TARGET_NAME)";
				SWIFT_VERSION = 5.0;
				TARGETED_DEVICE_FAMILY = "1,2";
				TEST_HOST = "$(BUILT_PRODUCTS_DIR)/App.app/App";
			};
			name = Release;
		};
/* End XCBuildConfiguration section */

/* Begin XCConfigurationList section */
		8C2515B32403C0BC00BAD4B5 /* Build configuration list for PBXProject "App" */ = {
			isa = XCConfigurationList;
			buildConfigurations = (
				8C2515D52403C0BD00BAD4B5 /* Debug */,
				8C2515D62403C0BD00BAD4B5 /* Release */,
			);
			defaultConfigurationIsVisible = 0;
			defaultConfigurationName = Release;
		};
		8C2515D72403C0BD00BAD4B5 /* Build configuration list for PBXNativeTarget "App" */ = {
			isa = XCConfigurationList;
			buildConfigurations = (
				8C2515D82403C0BD00BAD4B5 /* Debug */,
				8C2515D92403C0BD00BAD4B5 /* Release */,
			);
			defaultConfigurationIsVisible = 0;
			defaultConfigurationName = Release;
		};
		8C2515DA2403C0BD00BAD4B5 /* Build configuration list for PBXNativeTarget "AppTests" */ = {
			isa = XCConfigurationList;
			buildConfigurations = (
				8C2515DB2403C0BD00BAD4B5 /* Debug */,
				8C2515DC2403C0BD00BAD4B5 /* Release */,
			);
			defaultConfigurationIsVisible = 0;
			defaultConfigurationName = Release;
		};
/* End XCConfigurationList section */
	};
	rootObject = 8C2515B02403C0BC00BAD4B5 /* Project object */;
}
