// !$*UTF8*$!
{
	archiveVersion = 1;
	classes = {
	};
	objectVersion = 50;
	objects = {

/* Begin PBXBuildFile section */
		8CBCBB7B23FD3337002B72FB /* AppDelegate.swift in Sources */ = {isa = PBXBuildFile; fileRef = 8CBCBB7A23FD3337002B72FB /* AppDelegate.swift */; };
		8CBCBB7D23FD3337002B72FB /* SceneDelegate.swift in Sources */ = {isa = PBXBuildFile; fileRef = 8CBCBB7C23FD3337002B72FB /* SceneDelegate.swift */; };
		8CBCBB7F23FD3337002B72FB /* ViewController.swift in Sources */ = {isa = PBXBuildFile; fileRef = 8CBCBB7E23FD3337002B72FB /* ViewController.swift */; };
		8CBCBB8223FD3337002B72FB /* Main.storyboard in Resources */ = {isa = PBXBuildFile; fileRef = 8CBCBB8023FD3337002B72FB /* Main.storyboard */; };
		8CBCBB8423FD333C002B72FB /* Assets.xcassets in Resources */ = {isa = PBXBuildFile; fileRef = 8CBCBB8323FD333C002B72FB /* Assets.xcassets */; };
		8CBCBB8723FD333C002B72FB /* LaunchScreen.storyboard in Resources */ = {isa = PBXBuildFile; fileRef = 8CBCBB8523FD333C002B72FB /* LaunchScreen.storyboard */; };
		8CBCBC2323FD3579002B72FB /* TogglTrack.framework in Frameworks */ = {isa = PBXBuildFile; fileRef = 8CBCBC2223FD3579002B72FB /* TogglTrack.framework */; };
		8CBCBC2423FD3579002B72FB /* TogglTrack.framework in Embed Frameworks */ = {isa = PBXBuildFile; fileRef = 8CBCBC2223FD3579002B72FB /* TogglTrack.framework */; settings = {ATTRIBUTES = (CodeSignOnCopy, RemoveHeadersOnCopy, ); }; };
/* End PBXBuildFile section */

/* Begin PBXCopyFilesBuildPhase section */
		8CBCBBCD23FD340D002B72FB /* Embed Frameworks */ = {
			isa = PBXCopyFilesBuildPhase;
			buildActionMask = 2147483647;
			dstPath = "";
			dstSubfolderSpec = 10;
			files = (
				8CBCBC2423FD3579002B72FB /* TogglTrack.framework in Embed Frameworks */,
			);
			name = "Embed Frameworks";
			runOnlyForDeploymentPostprocessing = 0;
		};
/* End PBXCopyFilesBuildPhase section */

/* Begin PBXFileReference section */
		8CBCBB7723FD3337002B72FB /* App.app */ = {isa = PBXFileReference; explicitFileType = wrapper.application; includeInIndex = 0; path = App.app; sourceTree = BUILT_PRODUCTS_DIR; };
		8CBCBB7A23FD3337002B72FB /* AppDelegate.swift */ = {isa = PBXFileReference; lastKnownFileType = sourcecode.swift; path = AppDelegate.swift; sourceTree = "<group>"; };
		8CBCBB7C23FD3337002B72FB /* SceneDelegate.swift */ = {isa = PBXFileReference; lastKnownFileType = sourcecode.swift; path = SceneDelegate.swift; sourceTree = "<group>"; };
		8CBCBB7E23FD3337002B72FB /* ViewController.swift */ = {isa = PBXFileReference; lastKnownFileType = sourcecode.swift; path = ViewController.swift; sourceTree = "<group>"; };
		8CBCBB8123FD3337002B72FB /* Base */ = {isa = PBXFileReference; lastKnownFileType = file.storyboard; name = Base; path = Base.lproj/Main.storyboard; sourceTree = "<group>"; };
		8CBCBB8323FD333C002B72FB /* Assets.xcassets */ = {isa = PBXFileReference; lastKnownFileType = folder.assetcatalog; path = Assets.xcassets; sourceTree = "<group>"; };
		8CBCBB8623FD333C002B72FB /* Base */ = {isa = PBXFileReference; lastKnownFileType = file.storyboard; name = Base; path = Base.lproj/LaunchScreen.storyboard; sourceTree = "<group>"; };
		8CBCBB8823FD333C002B72FB /* Info.plist */ = {isa = PBXFileReference; lastKnownFileType = text.plist.xml; path = Info.plist; sourceTree = "<group>"; };
		8CBCBC2223FD3579002B72FB /* TogglTrack.framework */ = {isa = PBXFileReference; explicitFileType = wrapper.framework; path = TogglTrack.framework; sourceTree = BUILT_PRODUCTS_DIR; };
/* End PBXFileReference section */

/* Begin PBXFrameworksBuildPhase section */
		8CBCBB7423FD3337002B72FB /* Frameworks */ = {
			isa = PBXFrameworksBuildPhase;
			buildActionMask = 2147483647;
			files = (
				8CBCBC2323FD3579002B72FB /* TogglTrack.framework in Frameworks */,
			);
			runOnlyForDeploymentPostprocessing = 0;
		};
/* End PBXFrameworksBuildPhase section */

/* Begin PBXGroup section */
		8CBCBB6E23FD3337002B72FB = {
			isa = PBXGroup;
			children = (
				8CBCBB7923FD3337002B72FB /* App */,
				8CBCBB7823FD3337002B72FB /* Products */,
				8CBCBBCA23FD340D002B72FB /* Frameworks */,
			);
			sourceTree = "<group>";
		};
		8CBCBB7823FD3337002B72FB /* Products */ = {
			isa = PBXGroup;
			children = (
				8CBCBB7723FD3337002B72FB /* App.app */,
			);
			name = Products;
			sourceTree = "<group>";
		};
		8CBCBB7923FD3337002B72FB /* App */ = {
			isa = PBXGroup;
			children = (
				8CBCBB7A23FD3337002B72FB /* AppDelegate.swift */,
				8CBCBB7C23FD3337002B72FB /* SceneDelegate.swift */,
				8CBCBB7E23FD3337002B72FB /* ViewController.swift */,
				8CBCBB8023FD3337002B72FB /* Main.storyboard */,
				8CBCBB8323FD333C002B72FB /* Assets.xcassets */,
				8CBCBB8523FD333C002B72FB /* LaunchScreen.storyboard */,
				8CBCBB8823FD333C002B72FB /* Info.plist */,
			);
			path = App;
			sourceTree = "<group>";
		};
		8CBCBBCA23FD340D002B72FB /* Frameworks */ = {
			isa = PBXGroup;
			children = (
				8CBCBC2223FD3579002B72FB /* TogglTrack.framework */,
			);
			name = Frameworks;
			sourceTree = "<group>";
		};
/* End PBXGroup section */

/* Begin PBXNativeTarget section */
		8CBCBB7623FD3337002B72FB /* App */ = {
			isa = PBXNativeTarget;
			buildConfigurationList = 8CBCBB9623FD333C002B72FB /* Build configuration list for PBXNativeTarget "App" */;
			buildPhases = (
				8CBCBB7323FD3337002B72FB /* Sources */,
				8CBCBB7423FD3337002B72FB /* Frameworks */,
				8CBCBB7523FD3337002B72FB /* Resources */,
				8CBCBBCD23FD340D002B72FB /* Embed Frameworks */,
			);
			buildRules = (
			);
			dependencies = (
			);
			name = App;
			productName = App;
			productReference = 8CBCBB7723FD3337002B72FB /* App.app */;
			productType = "com.apple.product-type.application";
		};
/* End PBXNativeTarget section */

/* Begin PBXProject section */
		8CBCBB6F23FD3337002B72FB /* Project object */ = {
			isa = PBXProject;
			attributes = {
				LastSwiftUpdateCheck = 1130;
				LastUpgradeCheck = 1130;
				ORGANIZATIONNAME = "Ricardo Sánchez Sotres";
				TargetAttributes = {
					8CBCBB7623FD3337002B72FB = {
						CreatedOnToolsVersion = 11.3.1;
					};
				};
			};
			buildConfigurationList = 8CBCBB7223FD3337002B72FB /* Build configuration list for PBXProject "App" */;
			compatibilityVersion = "Xcode 9.3";
			developmentRegion = en;
			hasScannedForEncodings = 0;
			knownRegions = (
				en,
				Base,
			);
			mainGroup = 8CBCBB6E23FD3337002B72FB;
			productRefGroup = 8CBCBB7823FD3337002B72FB /* Products */;
			projectDirPath = "";
			projectRoot = "";
			targets = (
				8CBCBB7623FD3337002B72FB /* App */,
			);
		};
/* End PBXProject section */

/* Begin PBXResourcesBuildPhase section */
		8CBCBB7523FD3337002B72FB /* Resources */ = {
			isa = PBXResourcesBuildPhase;
			buildActionMask = 2147483647;
			files = (
				8CBCBB8723FD333C002B72FB /* LaunchScreen.storyboard in Resources */,
				8CBCBB8423FD333C002B72FB /* Assets.xcassets in Resources */,
				8CBCBB8223FD3337002B72FB /* Main.storyboard in Resources */,
			);
			runOnlyForDeploymentPostprocessing = 0;
		};
/* End PBXResourcesBuildPhase section */

/* Begin PBXSourcesBuildPhase section */
		8CBCBB7323FD3337002B72FB /* Sources */ = {
			isa = PBXSourcesBuildPhase;
			buildActionMask = 2147483647;
			files = (
				8CBCBB7F23FD3337002B72FB /* ViewController.swift in Sources */,
				8CBCBB7B23FD3337002B72FB /* AppDelegate.swift in Sources */,
				8CBCBB7D23FD3337002B72FB /* SceneDelegate.swift in Sources */,
			);
			runOnlyForDeploymentPostprocessing = 0;
		};
/* End PBXSourcesBuildPhase section */

/* Begin PBXVariantGroup section */
		8CBCBB8023FD3337002B72FB /* Main.storyboard */ = {
			isa = PBXVariantGroup;
			children = (
				8CBCBB8123FD3337002B72FB /* Base */,
			);
			name = Main.storyboard;
			sourceTree = "<group>";
		};
		8CBCBB8523FD333C002B72FB /* LaunchScreen.storyboard */ = {
			isa = PBXVariantGroup;
			children = (
				8CBCBB8623FD333C002B72FB /* Base */,
			);
			name = LaunchScreen.storyboard;
			sourceTree = "<group>";
		};
/* End PBXVariantGroup section */

/* Begin XCBuildConfiguration section */
		8CBCBB9423FD333C002B72FB /* Debug */ = {
			isa = XCBuildConfiguration;
			buildSettings = {
				ALWAYS_SEARCH_USER_PATHS = NO;
				CLANG_ANALYZER_NONNULL = YES;
				CLANG_ANALYZER_NUMBER_OBJECT_CONVERSION = YES_AGGRESSIVE;
				CLANG_CXX_LANGUAGE_STANDARD = "gnu++14";
				CLANG_CXX_LIBRARY = "libc++";
				CLANG_ENABLE_MODULES = YES;
				CLANG_ENABLE_OBJC_ARC = YES;
				CLANG_ENABLE_OBJC_WEAK = YES;
				CLANG_WARN_BLOCK_CAPTURE_AUTORELEASING = YES;
				CLANG_WARN_BOOL_CONVERSION = YES;
				CLANG_WARN_COMMA = YES;
				CLANG_WARN_CONSTANT_CONVERSION = YES;
				CLANG_WARN_DEPRECATED_OBJC_IMPLEMENTATIONS = YES;
				CLANG_WARN_DIRECT_OBJC_ISA_USAGE = YES_ERROR;
				CLANG_WARN_DOCUMENTATION_COMMENTS = YES;
				CLANG_WARN_EMPTY_BODY = YES;
				CLANG_WARN_ENUM_CONVERSION = YES;
				CLANG_WARN_INFINITE_RECURSION = YES;
				CLANG_WARN_INT_CONVERSION = YES;
				CLANG_WARN_NON_LITERAL_NULL_CONVERSION = YES;
				CLANG_WARN_OBJC_IMPLICIT_RETAIN_SELF = YES;
				CLANG_WARN_OBJC_LITERAL_CONVERSION = YES;
				CLANG_WARN_OBJC_ROOT_CLASS = YES_ERROR;
				CLANG_WARN_RANGE_LOOP_ANALYSIS = YES;
				CLANG_WARN_STRICT_PROTOTYPES = YES;
				CLANG_WARN_SUSPICIOUS_MOVE = YES;
				CLANG_WARN_UNGUARDED_AVAILABILITY = YES_AGGRESSIVE;
				CLANG_WARN_UNREACHABLE_CODE = YES;
				CLANG_WARN__DUPLICATE_METHOD_MATCH = YES;
				COPY_PHASE_STRIP = NO;
				DEBUG_INFORMATION_FORMAT = dwarf;
				ENABLE_STRICT_OBJC_MSGSEND = YES;
				ENABLE_TESTABILITY = YES;
				GCC_C_LANGUAGE_STANDARD = gnu11;
				GCC_DYNAMIC_NO_PIC = NO;
				GCC_NO_COMMON_BLOCKS = YES;
				GCC_OPTIMIZATION_LEVEL = 0;
				GCC_PREPROCESSOR_DEFINITIONS = (
					"DEBUG=1",
					"$(inherited)",
				);
				GCC_WARN_64_TO_32_BIT_CONVERSION = YES;
				GCC_WARN_ABOUT_RETURN_TYPE = YES_ERROR;
				GCC_WARN_UNDECLARED_SELECTOR = YES;
				GCC_WARN_UNINITIALIZED_AUTOS = YES_AGGRESSIVE;
				GCC_WARN_UNUSED_FUNCTION = YES;
				GCC_WARN_UNUSED_VARIABLE = YES;
				IPHONEOS_DEPLOYMENT_TARGET = 13.2;
				MTL_ENABLE_DEBUG_INFO = INCLUDE_SOURCE;
				MTL_FAST_MATH = YES;
				ONLY_ACTIVE_ARCH = YES;
				SDKROOT = iphoneos;
				SWIFT_ACTIVE_COMPILATION_CONDITIONS = DEBUG;
				SWIFT_OPTIMIZATION_LEVEL = "-Onone";
			};
			name = Debug;
		};
		8CBCBB9523FD333C002B72FB /* Release */ = {
			isa = XCBuildConfiguration;
			buildSettings = {
				ALWAYS_SEARCH_USER_PATHS = NO;
				CLANG_ANALYZER_NONNULL = YES;
				CLANG_ANALYZER_NUMBER_OBJECT_CONVERSION = YES_AGGRESSIVE;
				CLANG_CXX_LANGUAGE_STANDARD = "gnu++14";
				CLANG_CXX_LIBRARY = "libc++";
				CLANG_ENABLE_MODULES = YES;
				CLANG_ENABLE_OBJC_ARC = YES;
				CLANG_ENABLE_OBJC_WEAK = YES;
				CLANG_WARN_BLOCK_CAPTURE_AUTORELEASING = YES;
				CLANG_WARN_BOOL_CONVERSION = YES;
				CLANG_WARN_COMMA = YES;
				CLANG_WARN_CONSTANT_CONVERSION = YES;
				CLANG_WARN_DEPRECATED_OBJC_IMPLEMENTATIONS = YES;
				CLANG_WARN_DIRECT_OBJC_ISA_USAGE = YES_ERROR;
				CLANG_WARN_DOCUMENTATION_COMMENTS = YES;
				CLANG_WARN_EMPTY_BODY = YES;
				CLANG_WARN_ENUM_CONVERSION = YES;
				CLANG_WARN_INFINITE_RECURSION = YES;
				CLANG_WARN_INT_CONVERSION = YES;
				CLANG_WARN_NON_LITERAL_NULL_CONVERSION = YES;
				CLANG_WARN_OBJC_IMPLICIT_RETAIN_SELF = YES;
				CLANG_WARN_OBJC_LITERAL_CONVERSION = YES;
				CLANG_WARN_OBJC_ROOT_CLASS = YES_ERROR;
				CLANG_WARN_RANGE_LOOP_ANALYSIS = YES;
				CLANG_WARN_STRICT_PROTOTYPES = YES;
				CLANG_WARN_SUSPICIOUS_MOVE = YES;
				CLANG_WARN_UNGUARDED_AVAILABILITY = YES_AGGRESSIVE;
				CLANG_WARN_UNREACHABLE_CODE = YES;
				CLANG_WARN__DUPLICATE_METHOD_MATCH = YES;
				COPY_PHASE_STRIP = NO;
				DEBUG_INFORMATION_FORMAT = "dwarf-with-dsym";
				ENABLE_NS_ASSERTIONS = NO;
				ENABLE_STRICT_OBJC_MSGSEND = YES;
				GCC_C_LANGUAGE_STANDARD = gnu11;
				GCC_NO_COMMON_BLOCKS = YES;
				GCC_WARN_64_TO_32_BIT_CONVERSION = YES;
				GCC_WARN_ABOUT_RETURN_TYPE = YES_ERROR;
				GCC_WARN_UNDECLARED_SELECTOR = YES;
				GCC_WARN_UNINITIALIZED_AUTOS = YES_AGGRESSIVE;
				GCC_WARN_UNUSED_FUNCTION = YES;
				GCC_WARN_UNUSED_VARIABLE = YES;
				IPHONEOS_DEPLOYMENT_TARGET = 13.2;
				MTL_ENABLE_DEBUG_INFO = NO;
				MTL_FAST_MATH = YES;
				SDKROOT = iphoneos;
				SWIFT_COMPILATION_MODE = wholemodule;
				SWIFT_OPTIMIZATION_LEVEL = "-O";
				VALIDATE_PRODUCT = YES;
			};
			name = Release;
		};
		8CBCBB9723FD333C002B72FB /* Debug */ = {
			isa = XCBuildConfiguration;
			buildSettings = {
				ASSETCATALOG_COMPILER_APPICON_NAME = AppIcon;
				CODE_SIGN_IDENTITY = "iPhone Developer";
				CODE_SIGN_STYLE = Manual;
				DEVELOPMENT_TEAM = B227VTMZ94;
				INFOPLIST_FILE = App/Info.plist;
				IPHONEOS_DEPLOYMENT_TARGET = 11.4;
				LD_RUNPATH_SEARCH_PATHS = (
					"$(inherited)",
					"@executable_path/Frameworks",
				);
				PRODUCT_BUNDLE_IDENTIFIER = com.toggl.aurora;
				PRODUCT_NAME = "$(TARGET_NAME)";
				PROVISIONING_PROFILE_SPECIFIER = "Aurora Development";
				SWIFT_VERSION = 5.0;
				TARGETED_DEVICE_FAMILY = "1,2";
			};
			name = Debug;
		};
		8CBCBB9823FD333C002B72FB /* Release */ = {
			isa = XCBuildConfiguration;
			buildSettings = {
				ASSETCATALOG_COMPILER_APPICON_NAME = AppIcon;
				CODE_SIGN_IDENTITY = "iPhone Developer";
				CODE_SIGN_STYLE = Manual;
				DEVELOPMENT_TEAM = B227VTMZ94;
				INFOPLIST_FILE = App/Info.plist;
				IPHONEOS_DEPLOYMENT_TARGET = 11.4;
				LD_RUNPATH_SEARCH_PATHS = (
					"$(inherited)",
					"@executable_path/Frameworks",
				);
				PRODUCT_BUNDLE_IDENTIFIER = com.toggl.aurora;
				PRODUCT_NAME = "$(TARGET_NAME)";
				PROVISIONING_PROFILE_SPECIFIER = "Aurora Development";
				SWIFT_VERSION = 5.0;
				TARGETED_DEVICE_FAMILY = "1,2";
			};
			name = Release;
		};
/* End XCBuildConfiguration section */

/* Begin XCConfigurationList section */
		8CBCBB7223FD3337002B72FB /* Build configuration list for PBXProject "App" */ = {
			isa = XCConfigurationList;
			buildConfigurations = (
				8CBCBB9423FD333C002B72FB /* Debug */,
				8CBCBB9523FD333C002B72FB /* Release */,
			);
			defaultConfigurationIsVisible = 0;
			defaultConfigurationName = Release;
		};
		8CBCBB9623FD333C002B72FB /* Build configuration list for PBXNativeTarget "App" */ = {
			isa = XCConfigurationList;
			buildConfigurations = (
				8CBCBB9723FD333C002B72FB /* Debug */,
				8CBCBB9823FD333C002B72FB /* Release */,
			);
			defaultConfigurationIsVisible = 0;
			defaultConfigurationName = Release;
		};
/* End XCConfigurationList section */
	};
	rootObject = 8CBCBB6F23FD3337002B72FB /* Project object */;
}
